{
  "name": "unicode-emoji-picker-demo",
  "lockfileVersion": 3,
  "requires": true,
  "packages": {
    "": {
      "name": "unicode-emoji-picker-demo",
      "dependencies": {
        "unicode-emoji-picker": "^2.0.0-next.1"
      }
    },
    "node_modules/scrollable-component": {
      "version": "2.0.0-next.0",
      "resolved": "https://registry.npmjs.org/scrollable-component/-/scrollable-component-2.0.0-next.0.tgz",
      "integrity": "sha512-GUY6n/4POnwE5z43ta94DGdml2Av1AetcA4Fryq4jEq+jIoLBUqqjUyvtjo3LfOryf+pQW1zfdpnkGx51eKcUQ=="
    },
    "node_modules/unicode-emoji": {
      "version": "2.4.0",
      "resolved": "https://registry.npmjs.org/unicode-emoji/-/unicode-emoji-2.4.0.tgz",
      "integrity": "sha512-hm02dAntJJPL06gCyj7RM5qzyIXJJr4buSs+Z65ZFhL6D7/anbgG9JKCemJpcVRone95w0jPyGDA+3abJvHVIw=="
    },
    "node_modules/unicode-emoji-picker": {
      "version": "2.0.0-next.1",
      "resolved": "https://registry.npmjs.org/unicode-emoji-picker/-/unicode-emoji-picker-2.0.0-next.1.tgz",
      "integrity": "sha512-Hay60Ax8ZvcS6SPwT7QvYIvwIwxbZ00nw0TMFrIWECqi/dtEMBdUATBqNML9uMA3z8FcipXpKdt5/Ak0/ulgjQ==",
      "dependencies": {
        "scrollable-component": "^2.0.0-next.0",
        "unicode-emoji": "^2.4.0"
      }
    }
  }
}
